{
  "name": "che-kung",
  "version": "1.0.1",
  "lockfileVersion": 1,
  "requires": true,
  "dependencies": {
    "@types/node": {
      "version": "10.12.18",
      "resolved": "https://registry.npmjs.org/@types/node/-/node-10.12.18.tgz",
      "integrity": "sha512-fh+pAqt4xRzPfqA6eh3Z2y6fyZavRIumvjhaCL753+TVkGKGhpPeyrJG2JftD0T9q4GF00KjefsQ+PQNDdWQaQ==",
      "dev": true
    },
    "word-table": {
      "version": "1.0.3",
      "resolved": "https://registry.npmjs.org/word-table/-/word-table-1.0.3.tgz",
      "integrity": "sha1-avWqH8SOexf4+Pu9MVv26Y6aoDM=",
      "requires": {
        "word-width": "^1.0.1"
      }
    },
    "word-width": {
      "version": "1.0.1",
      "resolved": "https://registry.npmjs.org/word-width/-/word-width-1.0.1.tgz",
      "integrity": "sha1-rhnIB3qPGbrqP3aTsn8nOAlDmPI="
    }
  }
}
