# THIS IS AN AUTOGENERATED FILE. DO NOT EDIT THIS FILE DIRECTLY.
# yarn lockfile v1


"@types/node@^10.12.12":
  version "10.12.18"
  resolved "https://registry.yarnpkg.com/@types/node/-/node-10.12.18.tgz#1d3ca764718915584fcd9f6344621b7672665c67"
  integrity sha512-fh+pAqt4xRzPfqA6eh3Z2y6fyZavRIumvjhaCL753+TVkGKGhpPeyrJG2JftD0T9q4GF00KjefsQ+PQNDdWQaQ==

word-table@^1.0.3:
  version "1.0.3"
  resolved "https://registry.yarnpkg.com/word-table/-/word-table-1.0.3.tgz#6af5aa1fc48e7b17f8f8fbbd315bf6e98e9aa033"
  integrity sha1-avWqH8SOexf4+Pu9MVv26Y6aoDM=
  dependencies:
    word-width "^1.0.1"

word-width@^1.0.1:
  version "1.0.1"
  resolved "https://registry.yarnpkg.com/word-width/-/word-width-1.0.1.tgz#ae19c8077a8f19baea3f7693b27f2738094398f2"
  integrity sha1-rhnIB3qPGbrqP3aTsn8nOAlDmPI=
